
Microsoft Visual Studio Solution File, Format Version 12.00
# Visual Studio Version 17
VisualStudioVersion = 17.0.31919.166
MinimumVisualStudioVersion = 10.0.40219.1
Project("{FAE04EC0-301F-11D3-BF4B-00C04F79EFBC}") = "дифференцированный зачет", "дифференцированный зачет.csproj", "{FB08AA3A-07F4-4E74-AEF0-7B8AE93AE494}"
EndProject
Global
	GlobalSection(SolutionConfigurationPlatforms) = preSolution
		Debug|Any CPU = Debug|Any CPU
		Release|Any CPU = Release|Any CPU
	EndGlobalSection
	GlobalSection(ProjectConfigurationPlatforms) = postSolution
		{FB08AA3A-07F4-4E74-AEF0-7B8AE93AE494}.Debug|Any CPU.ActiveCfg = Debug|Any CPU
		{FB08AA3A-07F4-4E74-AEF0-7B8AE93AE494}.Debug|Any CPU.Build.0 = Debug|Any CPU
		{FB08AA3A-07F4-4E74-AEF0-7B8AE93AE494}.Release|Any CPU.ActiveCfg = Release|Any CPU
		{FB08AA3A-07F4-4E74-AEF0-7B8AE93AE494}.Release|Any CPU.Build.0 = Release|Any CPU
	EndGlobalSection
	GlobalSection(SolutionProperties) = preSolution
		HideSolutionNode = FALSE
	EndGlobalSection
	GlobalSection(ExtensibilityGlobals) = postSolution
		SolutionGuid = {7CF3A2BE-BBDE-4552-B0CD-6F512D225BF5}
	EndGlobalSection
EndGlobal
